
Microsoft Visual Studio Solution File, Format Version 12.00
# Visual Studio Version 16
VisualStudioVersion = 16.0.28922.388
MinimumVisualStudioVersion = 10.0.40219.1
Project("{9A19103F-16F7-4668-BE54-9A1E7A4F7556}") = "TodoApp.Backend", "TodoApp.Backend\TodoApp.Backend.csproj", "{58231756-0322-49D1-9529-BBA73D906ACA}"
EndProject
Project("{FAE04EC0-301F-11D3-BF4B-00C04F79EFBC}") = "TodoApp.Domain", "TodoApp.Domain\TodoApp.Domain.csproj", "{675D2B1C-E3FA-4202-A1EE-3E743897424E}"
EndProject
Global
	GlobalSection(SolutionConfigurationPlatforms) = preSolution
		Debug|Any CPU = Debug|Any CPU
		Release|Any CPU = Release|Any CPU
	EndGlobalSection
	GlobalSection(ProjectConfigurationPlatforms) = postSolution
		{58231756-0322-49D1-9529-BBA73D906ACA}.Debug|Any CPU.ActiveCfg = Debug|Any CPU
		{58231756-0322-49D1-9529-BBA73D906ACA}.Debug|Any CPU.Build.0 = Debug|Any CPU
		{58231756-0322-49D1-9529-BBA73D906ACA}.Release|Any CPU.ActiveCfg = Release|Any CPU
		{58231756-0322-49D1-9529-BBA73D906ACA}.Release|Any CPU.Build.0 = Release|Any CPU
		{675D2B1C-E3FA-4202-A1EE-3E743897424E}.Debug|Any CPU.ActiveCfg = Debug|Any CPU
		{675D2B1C-E3FA-4202-A1EE-3E743897424E}.Debug|Any CPU.Build.0 = Debug|Any CPU
		{675D2B1C-E3FA-4202-A1EE-3E743897424E}.Release|Any CPU.ActiveCfg = Release|Any CPU
		{675D2B1C-E3FA-4202-A1EE-3E743897424E}.Release|Any CPU.Build.0 = Release|Any CPU
	EndGlobalSection
	GlobalSection(SolutionProperties) = preSolution
		HideSolutionNode = FALSE
	EndGlobalSection
	GlobalSection(ExtensibilityGlobals) = postSolution
		SolutionGuid = {7E477B48-5577-48CD-AA2A-CAE588CB9E2F}
	EndGlobalSection
EndGlobal
